
Microsoft Visual Studio Solution File, Format Version 12.00
# Visual Studio 15
VisualStudioVersion = 15.0.26430.15
MinimumVisualStudioVersion = 10.0.40219.1
Project("{FAE04EC0-301F-11D3-BF4B-00C04F79EFBC}") = "CS016CisloCislice", "CS016CisloCislice.csproj", "{B0B70A33-C5C4-46F8-8DEF-94E0748E4CBD}"
EndProject
Global
	GlobalSection(SolutionConfigurationPlatforms) = preSolution
		Debug|Any CPU = Debug|Any CPU
		Release|Any CPU = Release|Any CPU
	EndGlobalSection
	GlobalSection(ProjectConfigurationPlatforms) = postSolution
		{B0B70A33-C5C4-46F8-8DEF-94E0748E4CBD}.Debug|Any CPU.ActiveCfg = Debug|Any CPU
		{B0B70A33-C5C4-46F8-8DEF-94E0748E4CBD}.Debug|Any CPU.Build.0 = Debug|Any CPU
		{B0B70A33-C5C4-46F8-8DEF-94E0748E4CBD}.Release|Any CPU.ActiveCfg = Release|Any CPU
		{B0B70A33-C5C4-46F8-8DEF-94E0748E4CBD}.Release|Any CPU.Build.0 = Release|Any CPU
	EndGlobalSection
	GlobalSection(SolutionProperties) = preSolution
		HideSolutionNode = FALSE
	EndGlobalSection
EndGlobal
